
Microsoft Visual Studio Solution File, Format Version 12.00
# Visual Studio 15
Project("{FAE04EC0-301F-11D3-BF4B-00C04F79EFBC}") = "Assembly-CSharp", "Assembly-CSharp.csproj", "{1F3F85CC-924A-3309-B51A-1C78C08EBA49}"
EndProject
Project("{FAE04EC0-301F-11D3-BF4B-00C04F79EFBC}") = "Assembly-CSharp-Editor", "Assembly-CSharp-Editor.csproj", "{5B776284-56F7-F761-70D7-374066E489A4}"
EndProject
Global
	GlobalSection(SolutionConfigurationPlatforms) = preSolution
		Debug|Any CPU = Debug|Any CPU
		Release|Any CPU = Release|Any CPU
	EndGlobalSection
	GlobalSection(ProjectConfigurationPlatforms) = postSolution
		{1F3F85CC-924A-3309-B51A-1C78C08EBA49}.Debug|Any CPU.ActiveCfg = Debug|Any CPU
		{1F3F85CC-924A-3309-B51A-1C78C08EBA49}.Debug|Any CPU.Build.0 = Debug|Any CPU
		{1F3F85CC-924A-3309-B51A-1C78C08EBA49}.Release|Any CPU.ActiveCfg = Release|Any CPU
		{1F3F85CC-924A-3309-B51A-1C78C08EBA49}.Release|Any CPU.Build.0 = Release|Any CPU
		{5B776284-56F7-F761-70D7-374066E489A4}.Debug|Any CPU.ActiveCfg = Debug|Any CPU
		{5B776284-56F7-F761-70D7-374066E489A4}.Debug|Any CPU.Build.0 = Debug|Any CPU
		{5B776284-56F7-F761-70D7-374066E489A4}.Release|Any CPU.ActiveCfg = Release|Any CPU
		{5B776284-56F7-F761-70D7-374066E489A4}.Release|Any CPU.Build.0 = Release|Any CPU
	EndGlobalSection
	GlobalSection(SolutionProperties) = preSolution
		HideSolutionNode = FALSE
	EndGlobalSection
EndGlobal
